
Microsoft Visual Studio Solution File, Format Version 12.00
# Visual Studio 15
VisualStudioVersion = 15.0.26124.0
MinimumVisualStudioVersion = 15.0.26124.0
Project("{FAE04EC0-301F-11D3-BF4B-00C04F79EFBC}") = "DotNetGame", "DotNetGameServer\DotNetGame.csproj", "{3484A330-4C67-43E5-BF5B-E8BC11095DCD}"
EndProject
Project("{FAE04EC0-301F-11D3-BF4B-00C04F79EFBC}") = "Mahjong", "Mahjong\Mahjong.csproj", "{B58C05FA-262A-47BD-A8F4-1EC6E74364E9}"
EndProject
Project("{FAE04EC0-301F-11D3-BF4B-00C04F79EFBC}") = "Mahjong.Tests", "Mahjong.Tests\Mahjong.Tests.csproj", "{963C85FF-EE33-434D-8931-2CCEF71B6826}"
EndProject
Global
	GlobalSection(SolutionConfigurationPlatforms) = preSolution
		Debug|Any CPU = Debug|Any CPU
		Debug|x64 = Debug|x64
		Debug|x86 = Debug|x86
		Release|Any CPU = Release|Any CPU
		Release|x64 = Release|x64
		Release|x86 = Release|x86
	EndGlobalSection
	GlobalSection(SolutionProperties) = preSolution
		HideSolutionNode = FALSE
	EndGlobalSection
	GlobalSection(ProjectConfigurationPlatforms) = postSolution
		{3484A330-4C67-43E5-BF5B-E8BC11095DCD}.Debug|Any CPU.ActiveCfg = Debug|Any CPU
		{3484A330-4C67-43E5-BF5B-E8BC11095DCD}.Debug|Any CPU.Build.0 = Debug|Any CPU
		{3484A330-4C67-43E5-BF5B-E8BC11095DCD}.Debug|x64.ActiveCfg = Debug|Any CPU
		{3484A330-4C67-43E5-BF5B-E8BC11095DCD}.Debug|x64.Build.0 = Debug|Any CPU
		{3484A330-4C67-43E5-BF5B-E8BC11095DCD}.Debug|x86.ActiveCfg = Debug|Any CPU
		{3484A330-4C67-43E5-BF5B-E8BC11095DCD}.Debug|x86.Build.0 = Debug|Any CPU
		{3484A330-4C67-43E5-BF5B-E8BC11095DCD}.Release|Any CPU.ActiveCfg = Release|Any CPU
		{3484A330-4C67-43E5-BF5B-E8BC11095DCD}.Release|Any CPU.Build.0 = Release|Any CPU
		{3484A330-4C67-43E5-BF5B-E8BC11095DCD}.Release|x64.ActiveCfg = Release|Any CPU
		{3484A330-4C67-43E5-BF5B-E8BC11095DCD}.Release|x64.Build.0 = Release|Any CPU
		{3484A330-4C67-43E5-BF5B-E8BC11095DCD}.Release|x86.ActiveCfg = Release|Any CPU
		{3484A330-4C67-43E5-BF5B-E8BC11095DCD}.Release|x86.Build.0 = Release|Any CPU
		{B58C05FA-262A-47BD-A8F4-1EC6E74364E9}.Debug|Any CPU.ActiveCfg = Debug|Any CPU
		{B58C05FA-262A-47BD-A8F4-1EC6E74364E9}.Debug|Any CPU.Build.0 = Debug|Any CPU
		{B58C05FA-262A-47BD-A8F4-1EC6E74364E9}.Debug|x64.ActiveCfg = Debug|Any CPU
		{B58C05FA-262A-47BD-A8F4-1EC6E74364E9}.Debug|x64.Build.0 = Debug|Any CPU
		{B58C05FA-262A-47BD-A8F4-1EC6E74364E9}.Debug|x86.ActiveCfg = Debug|Any CPU
		{B58C05FA-262A-47BD-A8F4-1EC6E74364E9}.Debug|x86.Build.0 = Debug|Any CPU
		{B58C05FA-262A-47BD-A8F4-1EC6E74364E9}.Release|Any CPU.ActiveCfg = Release|Any CPU
		{B58C05FA-262A-47BD-A8F4-1EC6E74364E9}.Release|Any CPU.Build.0 = Release|Any CPU
		{B58C05FA-262A-47BD-A8F4-1EC6E74364E9}.Release|x64.ActiveCfg = Release|Any CPU
		{B58C05FA-262A-47BD-A8F4-1EC6E74364E9}.Release|x64.Build.0 = Release|Any CPU
		{B58C05FA-262A-47BD-A8F4-1EC6E74364E9}.Release|x86.ActiveCfg = Release|Any CPU
		{B58C05FA-262A-47BD-A8F4-1EC6E74364E9}.Release|x86.Build.0 = Release|Any CPU
		{963C85FF-EE33-434D-8931-2CCEF71B6826}.Debug|Any CPU.ActiveCfg = Debug|Any CPU
		{963C85FF-EE33-434D-8931-2CCEF71B6826}.Debug|Any CPU.Build.0 = Debug|Any CPU
		{963C85FF-EE33-434D-8931-2CCEF71B6826}.Debug|x64.ActiveCfg = Debug|Any CPU
		{963C85FF-EE33-434D-8931-2CCEF71B6826}.Debug|x64.Build.0 = Debug|Any CPU
		{963C85FF-EE33-434D-8931-2CCEF71B6826}.Debug|x86.ActiveCfg = Debug|Any CPU
		{963C85FF-EE33-434D-8931-2CCEF71B6826}.Debug|x86.Build.0 = Debug|Any CPU
		{963C85FF-EE33-434D-8931-2CCEF71B6826}.Release|Any CPU.ActiveCfg = Release|Any CPU
		{963C85FF-EE33-434D-8931-2CCEF71B6826}.Release|Any CPU.Build.0 = Release|Any CPU
		{963C85FF-EE33-434D-8931-2CCEF71B6826}.Release|x64.ActiveCfg = Release|Any CPU
		{963C85FF-EE33-434D-8931-2CCEF71B6826}.Release|x64.Build.0 = Release|Any CPU
		{963C85FF-EE33-434D-8931-2CCEF71B6826}.Release|x86.ActiveCfg = Release|Any CPU
		{963C85FF-EE33-434D-8931-2CCEF71B6826}.Release|x86.Build.0 = Release|Any CPU
	EndGlobalSection
EndGlobal
